
Microsoft Visual Studio Solution File, Format Version 12.00
# Visual Studio Version 17
VisualStudioVersion = 17.3.32922.545
MinimumVisualStudioVersion = 10.0.40219.1
Project("{FAE04EC0-301F-11D3-BF4B-00C04F79EFBC}") = "Domashka 1.1", "Domashka 1.1\Domashka 1.1.csproj", "{A896B875-43A2-4ADE-A936-120BB834396B}"
EndProject
Global
	GlobalSection(SolutionConfigurationPlatforms) = preSolution
		Debug|Any CPU = Debug|Any CPU
		Release|Any CPU = Release|Any CPU
	EndGlobalSection
	GlobalSection(ProjectConfigurationPlatforms) = postSolution
		{A896B875-43A2-4ADE-A936-120BB834396B}.Debug|Any CPU.ActiveCfg = Debug|Any CPU
		{A896B875-43A2-4ADE-A936-120BB834396B}.Debug|Any CPU.Build.0 = Debug|Any CPU
		{A896B875-43A2-4ADE-A936-120BB834396B}.Release|Any CPU.ActiveCfg = Release|Any CPU
		{A896B875-43A2-4ADE-A936-120BB834396B}.Release|Any CPU.Build.0 = Release|Any CPU
	EndGlobalSection
	GlobalSection(SolutionProperties) = preSolution
		HideSolutionNode = FALSE
	EndGlobalSection
	GlobalSection(ExtensibilityGlobals) = postSolution
		SolutionGuid = {ED21FEDF-A64E-4A13-A1B7-EE8F39F345F5}
	EndGlobalSection
EndGlobal
